
Microsoft Visual Studio Solution File, Format Version 12.00
# Visual Studio Version 16
VisualStudioVersion = 16.0.31424.327
MinimumVisualStudioVersion = 10.0.40219.1
Project("{FAE04EC0-301F-11D3-BF4B-00C04F79EFBC}") = "CapaPresentacionAdmin", "CapaPresentacionAdmin\CapaPresentacionAdmin.csproj", "{BDA56757-CD47-404D-A27F-7C87A0108746}"
EndProject
Project("{FAE04EC0-301F-11D3-BF4B-00C04F79EFBC}") = "CapaPresentacionTienda", "CapaPresentacionTienda\CapaPresentacionTienda.csproj", "{533AACCC-636E-454D-8EE0-21A6C83962C7}"
EndProject
Project("{FAE04EC0-301F-11D3-BF4B-00C04F79EFBC}") = "CapaDatos", "CapaDatos\CapaDatos.csproj", "{CCE2515C-CEB1-455B-903E-A686C5C37096}"
EndProject
Project("{FAE04EC0-301F-11D3-BF4B-00C04F79EFBC}") = "CapaEntidad", "CapaEntidad\CapaEntidad.csproj", "{9DC36265-7A06-40D5-A68C-EBCDA4B316E6}"
EndProject
Project("{FAE04EC0-301F-11D3-BF4B-00C04F79EFBC}") = "CapaNegocio", "CapaNegocio\CapaNegocio.csproj", "{C9A78C2F-0CFA-41D1-A701-93173EDE4586}"
EndProject
Global
	GlobalSection(SolutionConfigurationPlatforms) = preSolution
		Debug|Any CPU = Debug|Any CPU
		Release|Any CPU = Release|Any CPU
	EndGlobalSection
	GlobalSection(ProjectConfigurationPlatforms) = postSolution
		{BDA56757-CD47-404D-A27F-7C87A0108746}.Debug|Any CPU.ActiveCfg = Debug|Any CPU
		{BDA56757-CD47-404D-A27F-7C87A0108746}.Debug|Any CPU.Build.0 = Debug|Any CPU
		{BDA56757-CD47-404D-A27F-7C87A0108746}.Release|Any CPU.ActiveCfg = Release|Any CPU
		{BDA56757-CD47-404D-A27F-7C87A0108746}.Release|Any CPU.Build.0 = Release|Any CPU
		{533AACCC-636E-454D-8EE0-21A6C83962C7}.Debug|Any CPU.ActiveCfg = Debug|Any CPU
		{533AACCC-636E-454D-8EE0-21A6C83962C7}.Debug|Any CPU.Build.0 = Debug|Any CPU
		{533AACCC-636E-454D-8EE0-21A6C83962C7}.Release|Any CPU.ActiveCfg = Release|Any CPU
		{533AACCC-636E-454D-8EE0-21A6C83962C7}.Release|Any CPU.Build.0 = Release|Any CPU
		{CCE2515C-CEB1-455B-903E-A686C5C37096}.Debug|Any CPU.ActiveCfg = Debug|Any CPU
		{CCE2515C-CEB1-455B-903E-A686C5C37096}.Debug|Any CPU.Build.0 = Debug|Any CPU
		{CCE2515C-CEB1-455B-903E-A686C5C37096}.Release|Any CPU.ActiveCfg = Release|Any CPU
		{CCE2515C-CEB1-455B-903E-A686C5C37096}.Release|Any CPU.Build.0 = Release|Any CPU
		{9DC36265-7A06-40D5-A68C-EBCDA4B316E6}.Debug|Any CPU.ActiveCfg = Debug|Any CPU
		{9DC36265-7A06-40D5-A68C-EBCDA4B316E6}.Debug|Any CPU.Build.0 = Debug|Any CPU
		{9DC36265-7A06-40D5-A68C-EBCDA4B316E6}.Release|Any CPU.ActiveCfg = Release|Any CPU
		{9DC36265-7A06-40D5-A68C-EBCDA4B316E6}.Release|Any CPU.Build.0 = Release|Any CPU
		{C9A78C2F-0CFA-41D1-A701-93173EDE4586}.Debug|Any CPU.ActiveCfg = Debug|Any CPU
		{C9A78C2F-0CFA-41D1-A701-93173EDE4586}.Debug|Any CPU.Build.0 = Debug|Any CPU
		{C9A78C2F-0CFA-41D1-A701-93173EDE4586}.Release|Any CPU.ActiveCfg = Release|Any CPU
		{C9A78C2F-0CFA-41D1-A701-93173EDE4586}.Release|Any CPU.Build.0 = Release|Any CPU
	EndGlobalSection
	GlobalSection(SolutionProperties) = preSolution
		HideSolutionNode = FALSE
	EndGlobalSection
	GlobalSection(ExtensibilityGlobals) = postSolution
		SolutionGuid = {A28878CC-43A8-4F7C-9F51-ED5CAC7D7C18}
	EndGlobalSection
EndGlobal
